# THIS IS AN AUTOGENERATED FILE. DO NOT EDIT THIS FILE DIRECTLY.
# yarn lockfile v1


animate.css@3.5.1:
  version "3.5.1"
  resolved "https://registry.yarnpkg.com/animate.css/-/animate.css-3.5.1.tgz#9f9e4df53ba2bde030891bcf73d8f0d940b57c63"

bootstrap@4.1.1:
  version "4.1.1"
  resolved "https://registry.yarnpkg.com/bootstrap/-/bootstrap-4.1.1.tgz#3aec85000fa619085da8d2e4983dfd67cf2114cb"

jquery-scroll-lock@3.1.3:
  version "3.1.3"
  resolved "https://registry.yarnpkg.com/jquery-scroll-lock/-/jquery-scroll-lock-3.1.3.tgz#19c5ae90c51411d17a4c46be794a06ca85996645"

jquery.scrollbar@0.2.11:
  version "0.2.11"
  resolved "https://registry.yarnpkg.com/jquery.scrollbar/-/jquery.scrollbar-0.2.11.tgz#e91bd4a97d83859463024d26e730dc36676ab59d"

jquery@3.3.1:
  version "3.3.1"
  resolved "https://registry.yarnpkg.com/jquery/-/jquery-3.3.1.tgz#958ce29e81c9790f31be7792df5d4d95fc57fbca"

raven-js@^3.26.4:
  version "3.26.4"
  resolved "https://registry.yarnpkg.com/raven-js/-/raven-js-3.26.4.tgz#32aae3a63a9314467a453c94c89a364ea43707be"
